{
  "name": "kumbhconnect-mobile",
  "version": "1.0.0",
  "lockfileVersion": 3,
  "requires": true,
  "packages": {
    "": {
      "name": "kumbhconnect-mobile",
      "version": "1.0.0",
      "dependencies": {
        "expo": "~49.0.15",
        "expo-dev-client": "~2.4.12",
        "geolib": "^3.3.4",
        "react": "18.2.0",
        "react-native": "0.72.6",
        "react-native-background-geolocation": "^4.14.3",
        "react-native-ble-plx": "^3.5.1",
        "react-native-maps": "^1.18.0",
        "react-native-reanimated": "^4.2.2",
        "react-native-sensors": "^7.3.6",
        "react-native-volume-manager": "^2.0.8"
      },
      "devDependencies": {
        "@babel/core": "^7.20.0",
        "@expo/cli": "~0.10.0",
        "@types/react": "^18.3.28",
        "@types/react-native": "^0.72.8",
        "babel-preset-expo": "~9.5.0",
        "typescript": "^5.9.3"
      }
    },
    "../../node_modules/.pnpm/@babel+core@7.29.0/node_modules/@babel/core": {
      "version": "7.29.0",
      "dev": true,
      "license": "MIT",
      "dependencies": {
        "@babel/code-frame": "^7.29.0",
        "@babel/generator": "^7.29.0",
        "@babel/helper-compilation-targets": "^7.28.6",
        "@babel/helper-module-transforms": "^7.28.6",
        "@babel/helpers": "^7.28.6",
        "@babel/parser": "^7.29.0",
        "@babel/template": "^7.28.6",
        "@babel/traverse": "^7.29.0",
        "@babel/types": "^7.29.0",
        "@jridgewell/remapping": "^2.3.5",
        "convert-source-map": "^2.0.0",
        "debug": "^4.1.0",
        "gensync": "^1.0.0-beta.2",
        "json5": "^2.2.3",
        "semver": "^6.3.1"
      },
      "devDependencies": {
        "@babel/helper-transform-fixture-test-runner": "^7.28.6",
        "@babel/plugin-syntax-flow": "^7.28.6",
        "@babel/plugin-transform-flow-strip-types": "^7.27.1",
        "@babel/plugin-transform-modules-commonjs": "^7.28.6",
        "@babel/preset-env": "^7.29.0",
        "@babel/preset-typescript": "^7.28.5",
        "@jridgewell/trace-mapping": "^0.3.28",
        "@types/convert-source-map": "^2.0.0",
        "@types/debug": "^4.1.0",
        "@types/resolve": "^1.3.2",
        "@types/semver": "^5.4.0",
        "rimraf": "^3.0.0",
        "ts-node": "^11.0.0-beta.1",
        "tsx": "^4.20.3"
      },
      "engines": {
        "node": ">=6.9.0"
      },
      "funding": {
        "type": "opencollective",
        "url": "https://opencollective.com/babel"
      }
    },
    "../../node_modules/.pnpm/@expo+cli@0.10.17_expo-modules-autolinking@1.10.3/node_modules/@expo/cli": {
      "version": "0.10.17",
      "dev": true,
      "license": "MIT",
      "dependencies": {
        "@babel/runtime": "^7.20.0",
        "@expo/code-signing-certificates": "0.0.5",
        "@expo/config": "~8.1.0",
        "@expo/config-plugins": "~7.2.0",
        "@expo/dev-server": "0.5.5",
        "@expo/devcert": "^1.0.0",
        "@expo/env": "0.0.5",
        "@expo/json-file": "^8.2.37",
        "@expo/metro-config": "~0.10.0",
        "@expo/osascript": "^2.0.31",
        "@expo/package-manager": "~1.1.0",
        "@expo/plist": "^0.0.20",
        "@expo/prebuild-config": "6.2.6",
        "@expo/rudder-sdk-node": "1.1.1",
        "@expo/spawn-async": "1.5.0",
        "@expo/xcpretty": "^4.2.1",
        "@urql/core": "2.3.6",
        "@urql/exchange-retry": "0.3.0",
        "accepts": "^1.3.8",
        "arg": "4.1.0",
        "better-opn": "~3.0.2",
        "bplist-parser": "^0.3.1",
        "cacache": "^15.3.0",
        "chalk": "^4.0.0",
        "ci-info": "^3.3.0",
        "debug": "^4.3.4",
        "env-editor": "^0.4.1",
        "form-data": "^3.0.1",
        "freeport-async": "2.0.0",
        "fs-extra": "~8.1.0",
        "getenv": "^1.0.0",
        "graphql": "15.8.0",
        "graphql-tag": "^2.10.1",
        "https-proxy-agent": "^5.0.1",
        "internal-ip": "4.3.0",
        "js-yaml": "^3.13.1",
        "json-schema-deref-sync": "^0.13.0",
        "md5-file": "^3.2.3",
        "md5hex": "^1.0.0",
        "minipass": "3.1.6",
        "node-fetch": "^2.6.7",
        "node-forge": "^1.3.1",
        "npm-package-arg": "^7.0.0",
        "ora": "3.4.0",
        "pretty-bytes": "5.6.0",
        "progress": "2.0.3",
        "prompts": "^2.3.2",
        "qrcode-terminal": "0.11.0",
        "require-from-string": "^2.0.2",
        "requireg": "^0.2.2",
        "resolve-from": "^5.0.0",
        "semver": "^7.5.3",
        "send": "^0.18.0",
        "slugify": "^1.3.4",
        "structured-headers": "^0.4.1",
        "tar": "^6.0.5",
        "tempy": "^0.7.1",
        "terminal-link": "^2.1.1",
        "text-table": "^0.2.0",
        "url-join": "4.0.0",
        "wrap-ansi": "^7.0.0",
        "ws": "^8.12.1"
      },
      "bin": {
        "expo-internal": "build/bin/cli"
      },
      "devDependencies": {
        "@expo/multipart-body-parser": "^1.0.0",
        "@expo/ngrok": "4.1.0",
        "@expo/webpack-config": "^0.17.4",
        "@graphql-codegen/cli": "2.16.3",
        "@graphql-codegen/typescript": "2.8.7",
        "@graphql-codegen/typescript-operations": "2.5.12",
        "@swc/core": "^1.2.126",
        "@taskr/clear": "1.1.0",
        "@taskr/esnext": "1.1.0",
        "@taskr/watch": "1.1.0",
        "@tsconfig/node14": "^1.0.1",
        "@types/accepts": "^1.3.5",
        "@types/cacache": "^15.0.1",
        "@types/debug": "^4.1.7",
        "@types/execa": "^0.9.0",
        "@types/form-data": "^2.2.0",
        "@types/getenv": "^1.0.0",
        "@types/js-yaml": "^3.12.2",
        "@types/klaw-sync": "^6.0.0",
        "@types/minipass": "^3.1.2",
        "@types/npm-package-arg": "^6.1.0",
        "@types/progress": "^2.0.5",
        "@types/prompts": "^2.0.6",
        "@types/send": "^0.17.1",
        "@types/tar": "^6.1.1",
        "@types/text-table": "^0.2.1",
        "@types/url-join": "^4.0.0",
        "@types/webpack": "~4.41.32",
        "@types/webpack-dev-server": "3.11.0",
        "@types/wrap-ansi": "^8.0.1",
        "@types/ws": "^8.5.4",
        "devtools-protocol": "^0.0.1113120",
        "expo-module-scripts": "^3.0.0",
        "find-process": "^1.4.7",
        "jest-runner-tsd": "^6.0.0",
        "klaw-sync": "^6.0.0",
        "nock": "~13.2.2",
        "nullthrows": "^1.1.1",
        "structured-headers": "^0.4.1",
        "taskr": "1.1.0",
        "tree-kill": "^1.2.2",
        "tsd": "^0.28.1"
      }
    },
    "../../node_modules/.pnpm/@types+react-native@0.72.8__03b9d22a49515d2ddbfe06e5c07c4adf/node_modules/@types/react-native": {
      "version": "0.72.8",
      "dev": true,
      "license": "MIT",
      "dependencies": {
        "@react-native/virtualized-lists": "^0.72.4",
        "@types/react": "*"
      }
    },
    "../../node_modules/.pnpm/@types+react@18.3.28/node_modules/@types/react": {
      "version": "18.3.28",
      "dev": true,
      "license": "MIT",
      "dependencies": {
        "@types/prop-types": "*",
        "csstype": "^3.2.2"
      }
    },
    "../../node_modules/.pnpm/babel-preset-expo@9.5.2_@babel+core@7.29.0/node_modules/babel-preset-expo": {
      "version": "9.5.2",
      "dev": true,
      "license": "MIT",
      "dependencies": {
        "@babel/plugin-proposal-decorators": "^7.12.9",
        "@babel/plugin-proposal-export-namespace-from": "^7.18.9",
        "@babel/plugin-proposal-object-rest-spread": "^7.12.13",
        "@babel/plugin-transform-react-jsx": "^7.12.17",
        "@babel/preset-env": "^7.20.0",
        "babel-plugin-module-resolver": "^5.0.0",
        "babel-plugin-react-native-web": "~0.18.10",
        "metro-react-native-babel-preset": "0.76.8"
      },
      "devDependencies": {
        "@babel/core": "^7.20.0",
        "jest": "^29.2.1"
      }
    },
    "../../node_modules/.pnpm/expo-dev-client@2.4.13_expo@49.0.23_@babel+core@7.29.0_/node_modules/expo-dev-client": {
      "version": "2.4.13",
      "license": "MIT",
      "dependencies": {
        "expo-dev-launcher": "2.4.15",
        "expo-dev-menu": "3.2.4",
        "expo-dev-menu-interface": "1.3.0",
        "expo-manifests": "~0.7.0",
        "expo-updates-interface": "~0.10.0"
      },
      "devDependencies": {
        "expo-module-scripts": "^3.0.0",
        "expo-test-runner": "0.0.16"
      },
      "peerDependencies": {
        "expo": "*"
      }
    },
    "../../node_modules/.pnpm/expo@49.0.23_@babel+core@7.29.0/node_modules/expo": {
      "version": "49.0.23",
      "license": "MIT",
      "dependencies": {
        "@babel/runtime": "^7.20.0",
        "@expo/cli": "0.10.17",
        "@expo/config": "8.1.2",
        "@expo/config-plugins": "7.2.5",
        "@expo/vector-icons": "^13.0.0",
        "babel-preset-expo": "~9.5.2",
        "expo-application": "~5.3.0",
        "expo-asset": "~8.10.1",
        "expo-constants": "~14.4.2",
        "expo-file-system": "~15.4.5",
        "expo-font": "~11.4.0",
        "expo-keep-awake": "~12.3.0",
        "expo-modules-autolinking": "1.5.1",
        "expo-modules-core": "1.5.13",
        "fbemitter": "^3.0.0",
        "invariant": "^2.2.4",
        "md5-file": "^3.2.3",
        "node-fetch": "^2.6.7",
        "pretty-format": "^26.5.2",
        "uuid": "^3.4.0"
      },
      "bin": {
        "expo": "bin/cli"
      },
      "devDependencies": {
        "@types/fbemitter": "^2.0.32",
        "@types/invariant": "^2.2.33",
        "@types/react": "~18.0.14",
        "@types/react-test-renderer": "^18.0.0",
        "@types/uuid": "^3.4.7",
        "expo-module-scripts": "^3.0.11",
        "react": "18.2.0",
        "react-dom": "18.2.0",
        "react-native": "0.72.10"
      }
    },
    "../../node_modules/.pnpm/geolib@3.3.4/node_modules/geolib": {
      "version": "3.3.4",
      "license": "MIT",
      "devDependencies": {
        "@babel/cli": "^7.8.4",
        "@babel/core": "^7.9.6",
        "@babel/preset-env": "^7.9.6",
        "@babel/preset-typescript": "^7.9.0",
        "@semantic-release/changelog": "^5.0.1",
        "@semantic-release/git": "^9.0.0",
        "@semantic-release/npm": "^7.0.5",
        "@types/jest": "^25.2.3",
        "@types/node": "^14.0.5",
        "@typescript-eslint/eslint-plugin": "^3.0.0",
        "@typescript-eslint/parser": "^3.0.0",
        "@werkzeugkiste/eslint-config": "^2.0.0",
        "@werkzeugkiste/release-config": "^1.1.0",
        "babel-eslint": "^10.1.0",
        "babel-jest": "^26.0.1",
        "babel-loader": "^8.1.0",
        "confusing-browser-globals": "1.0.9",
        "eslint": "^7.1.0",
        "eslint-config-prettier": "^6.11.0",
        "eslint-import-resolver-typescript": "2.0.0",
        "eslint-plugin-babel": "5.3.0",
        "eslint-plugin-import": "^2.20.2",
        "eslint-plugin-prettier": "^3.1.3",
        "eslint-plugin-react": "^7.20.0",
        "eslint-plugin-react-hooks": "^4.0.2",
        "eslint-plugin-security": "1.4.0",
        "eslint-plugin-unicorn": "^20.0.0",
        "husky": "^4.2.5",
        "install-deps-postmerge": "^1.0.5",
        "jest": "^26.0.1",
        "lint-staged": "^10.2.6",
        "prettier": "^2.0.5",
        "rimraf": "^3.0.2",
        "semantic-release": "^17.0.7",
        "semantic-release-conventional-commits": "^2.0.1",
        "typescript": "^3.9.3",
        "webpack": "^4.43.0",
        "webpack-cli": "^3.3.11"
      }
    },
    "../../node_modules/.pnpm/react-native-background-geolocation@4.19.4/node_modules/react-native-background-geolocation": {
      "version": "4.19.4",
      "license": "MIT",
      "dependencies": {
        "react-native-background-fetch": "~4.2.6"
      },
      "devDependencies": {
        "@expo/config-plugins": "^4.1.0",
        "@transistorsoft/typedoc-theme": "^2.0.9",
        "@types/node": "^18.11.5",
        "chalk": "^4.1.0",
        "fs-extra": "^9.1.0",
        "path": "^0.12.7",
        "rimraf": "^3.0.2",
        "typescript": "^4.6.2"
      }
    },
    "../../node_modules/.pnpm/react-native-ble-plx@3.5.1__f6ab2d95c29e4eccb6cb1bc4436dba67/node_modules/react-native-ble-plx": {
      "version": "3.5.1",
      "license": "MIT",
      "devDependencies": {
        "@babel/cli": "^7.25.9",
        "@babel/core": "^7.25.2",
        "@babel/preset-flow": "^7.25.9",
        "@commitlint/config-conventional": "^17.0.2",
        "@evilmartians/lefthook": "^1.5.0",
        "@react-native-community/eslint-config": "^3.0.2",
        "@react-native/eslint-config": "^0.73.1",
        "@react-navigation/native": "^6.1.17",
        "@react-navigation/native-stack": "^6.9.26",
        "@release-it/conventional-changelog": "^5.0.0",
        "@types/jest": "^29.5.5",
        "@types/react": "^18.2.44",
        "@types/react-native": "0.70.0",
        "@types/react-native-base64": "^0.2.2",
        "@typescript-eslint/parser": "^5.62.0",
        "babel-plugin-syntax-hermes-parser": "^0.15.1",
        "commitlint": "^17.0.2",
        "del-cli": "^5.1.0",
        "documentation": "12.3.0",
        "eslint": "^8.51.0",
        "eslint-config-airbnb": "^19.0.4",
        "eslint-config-airbnb-typescript": "^17.1.0",
        "eslint-config-prettier": "^9.0.0",
        "eslint-plugin-flowtype": "^8.0.3",
        "eslint-plugin-ft-flow": "^2.0.1",
        "eslint-plugin-import": "^2.28.1",
        "eslint-plugin-jsx-a11y": "^6.7.1",
        "eslint-plugin-prettier": "^5.0.1",
        "eslint-plugin-react-refresh": "^0.4.3",
        "expo-module-scripts": "^3.1.0",
        "flow-bin": "^0.259.1",
        "hermes-eslint": "^0.15.1",
        "jest": "^29.7.0",
        "pod-install": "^0.1.0",
        "prettier": "^3.0.3",
        "react": "18.3.1",
        "react-native": "0.77.0",
        "react-native-base64": "^0.2.1",
        "react-native-builder-bob": "^0.20.0",
        "react-native-safe-area-context": "^4.10.5",
        "react-native-toast-message": "^2.2.0",
        "release-it": "^17.3.0",
        "styled-components": "^6.1.11",
        "turbo": "^1.10.7",
        "typescript": "^5.2.2"
      },
      "engines": {
        "node": ">= 18.0.0"
      },
      "peerDependencies": {
        "react": "*",
        "react-native": "*"
      }
    },
    "../../node_modules/.pnpm/react-native-maps@1.27.2_re_5b0e0157058c319fdef6c2556b11559d/node_modules/react-native-maps": {
      "version": "1.27.2",
      "license": "MIT",
      "dependencies": {
        "@types/geojson": "^7946.0.13"
      },
      "devDependencies": {
        "@babel/core": "^7.25.2",
        "@babel/preset-env": "^7.25.3",
        "@babel/runtime": "^7.25.0",
        "@commitlint/cli": "19.8.0",
        "@commitlint/config-conventional": "19.8.0",
        "@expo/config-plugins": "^9.0.17",
        "@react-native-community/cli": "20.0.0",
        "@react-native/babel-preset": "0.81.0",
        "@react-native/eslint-config": "0.81.0",
        "@react-native/metro-config": "0.81.0",
        "@react-native/typescript-config": "0.81.0",
        "@semantic-release/changelog": "6.0.3",
        "@semantic-release/git": "10.0.1",
        "@types/jest": "^29.5.13",
        "@types/react": "^19.1.0",
        "@types/react-test-renderer": "^19.1.0",
        "eslint": "^8.19.0",
        "husky": "9.1.7",
        "jest": "^29.6.3",
        "prettier": "2.8.8",
        "react": "19.1.0",
        "react-native": "^0.81.1",
        "react-test-renderer": "19.1.0",
        "semantic-release": "24.2.3",
        "typescript": "^5.8.3"
      },
      "engines": {
        "node": ">= 20.19.4"
      },
      "peerDependencies": {
        "react": ">= 18.3.1",
        "react-native": ">= 0.76.0",
        "react-native-web": ">= 0.11"
      },
      "peerDependenciesMeta": {
        "react-native-web": {
          "optional": true
        }
      }
    },
    "../../node_modules/.pnpm/react-native-reanimated@4.2_8c36c7c86d02fc5e20d58900b5c10a81/node_modules/react-native-reanimated": {
      "version": "4.2.2",
      "license": "MIT",
      "dependencies": {
        "react-native-is-edge-to-edge": "1.2.1",
        "semver": "7.7.3"
      },
      "devDependencies": {
        "@babel/core": "7.28.4",
        "@babel/preset-env": "7.28.3",
        "@react-native/babel-preset": "0.84.0",
        "@react-native/eslint-config": "0.84.0",
        "@react-native/metro-config": "0.84.0",
        "@react-native/typescript-config": "0.84.0",
        "@shopify/flash-list": "2.1.0",
        "@testing-library/dom": "10.4.0",
        "@testing-library/jest-native": "5.4.3",
        "@testing-library/react": "16.1.0",
        "@testing-library/react-hooks": "8.0.1",
        "@testing-library/react-native": "13.3.3",
        "@types/convert-source-map": "2.0.3",
        "@types/jest": "30.0.0",
        "@types/node": "24.0.14",
        "@types/react": "19.2.2",
        "@types/react-test-renderer": "19.1.0",
        "@types/semver": "7.7.1",
        "clang-format-node": "1.3.5",
        "eslint": "9.37.0",
        "jest": "30.2.0",
        "jest-expo": "52.0.5",
        "knip": "5.61.3",
        "madge": "8.0.0",
        "prettier": "3.6.2",
        "react": "19.2.3",
        "react-dom": "19.2.3",
        "react-native": "0.84.0",
        "react-native-builder-bob": "0.40.13",
        "react-native-svg": "15.14.0",
        "react-native-web": "0.21.1",
        "react-native-worklets": "0.8.0-nightly-20260211-96ab3f00d",
        "react-test-renderer": "19.2.3",
        "typescript": "5.8.3"
      },
      "peerDependencies": {
        "react": "*",
        "react-native": "*",
        "react-native-worklets": ">=0.7.0"
      }
    },
    "../../node_modules/.pnpm/react-native-sensors@7.3.6__e0960692332ee5cf1d06047450e89bc7/node_modules/react-native-sensors": {
      "version": "7.3.6",
      "license": "MIT",
      "dependencies": {
        "rxjs": ">= 6"
      },
      "devDependencies": {
        "all-contributors-cli": "6.1.2",
        "babel-core": "6.26.3",
        "babel-jest": "24.1.0",
        "babel-preset-react-native": "4.0.0",
        "husky": "4.2.3",
        "jest": "24.1.0",
        "prettier": "2.2.1",
        "pretty-quick": "3.1.0",
        "react": "^17.0.0",
        "react-native": "^0.68.0",
        "regenerator-runtime": "0.13.1",
        "rxjs-marbles": "5.0.0",
        "semantic-release": "17.3.9",
        "travis-deploy-once": "5.0.11"
      },
      "peerDependencies": {
        "prop-types": "^15.6.0",
        "react-native": ">=0.39.0"
      }
    },
    "../../node_modules/.pnpm/react-native-volume-manager_37c23f5aea26f5c6012351e1546e275e/node_modules/react-native-volume-manager": {
      "version": "2.0.8",
      "license": "MIT",
      "devDependencies": {
        "@commitlint/config-conventional": "^17.6.1",
        "@react-native-community/eslint-config": "^3.2.0",
        "@react-native-community/eslint-plugin": "^1.3.0",
        "@release-it/conventional-changelog": "^5.1.1",
        "@types/jest": "^29.5.1",
        "@types/react": "~18.3.12",
        "babel-plugin-module-resolver": "^5.0.0",
        "commitlint": "^17.6.1",
        "eslint": "^8.39.0",
        "eslint-config-prettier": "^8.8.0",
        "eslint-plugin-prettier": "^4.2.1",
        "husky": "^8.0.3",
        "jest": "^29.5.0",
        "pod-install": "^0.1.38",
        "prettier": "^2.8.8",
        "react": "18.3.1",
        "react-native": "0.76.5",
        "react-native-builder-bob": "^0.35.2",
        "release-it": "^15.10.1",
        "typescript": "^5.7.2"
      },
      "peerDependencies": {
        "react": "*",
        "react-native": "*"
      }
    },
    "../../node_modules/.pnpm/react-native@0.72.6_@babel+_7db03a961d57dc68afc0741c45a69d8d/node_modules/react-native": {
      "version": "0.72.6",
      "license": "MIT",
      "dependencies": {
        "@jest/create-cache-key-function": "^29.2.1",
        "@react-native-community/cli": "11.3.7",
        "@react-native-community/cli-platform-android": "11.3.7",
        "@react-native-community/cli-platform-ios": "11.3.7",
        "@react-native/assets-registry": "^0.72.0",
        "@react-native/codegen": "^0.72.7",
        "@react-native/gradle-plugin": "^0.72.11",
        "@react-native/js-polyfills": "^0.72.1",
        "@react-native/normalize-colors": "^0.72.0",
        "@react-native/virtualized-lists": "^0.72.8",
        "abort-controller": "^3.0.0",
        "anser": "^1.4.9",
        "base64-js": "^1.1.2",
        "deprecated-react-native-prop-types": "4.1.0",
        "event-target-shim": "^5.0.1",
        "flow-enums-runtime": "^0.0.5",
        "invariant": "^2.2.4",
        "jest-environment-node": "^29.2.1",
        "jsc-android": "^250231.0.0",
        "memoize-one": "^5.0.0",
        "metro-runtime": "0.76.8",
        "metro-source-map": "0.76.8",
        "mkdirp": "^0.5.1",
        "nullthrows": "^1.1.1",
        "pretty-format": "^26.5.2",
        "promise": "^8.3.0",
        "react-devtools-core": "^4.27.2",
        "react-refresh": "^0.4.0",
        "react-shallow-renderer": "^16.15.0",
        "regenerator-runtime": "^0.13.2",
        "scheduler": "0.24.0-canary-efb381bbf-20230505",
        "stacktrace-parser": "^0.1.10",
        "use-sync-external-store": "^1.0.0",
        "whatwg-fetch": "^3.0.0",
        "ws": "^6.2.2",
        "yargs": "^17.6.2"
      },
      "bin": {
        "react-native": "cli.js"
      },
      "engines": {
        "node": ">=16"
      },
      "peerDependencies": {
        "react": "18.2.0"
      }
    },
    "../../node_modules/.pnpm/react@18.2.0/node_modules/react": {
      "version": "18.2.0",
      "license": "MIT",
      "dependencies": {
        "loose-envify": "^1.1.0"
      },
      "engines": {
        "node": ">=0.10.0"
      }
    },
    "../../node_modules/.pnpm/typescript@5.9.3/node_modules/typescript": {
      "version": "5.9.3",
      "dev": true,
      "license": "Apache-2.0",
      "bin": {
        "tsc": "bin/tsc",
        "tsserver": "bin/tsserver"
      },
      "devDependencies": {
        "@dprint/formatter": "^0.4.1",
        "@dprint/typescript": "0.93.4",
        "@esfx/canceltoken": "^1.0.0",
        "@eslint/js": "^9.20.0",
        "@octokit/rest": "^21.1.1",
        "@types/chai": "^4.3.20",
        "@types/diff": "^7.0.1",
        "@types/minimist": "^1.2.5",
        "@types/mocha": "^10.0.10",
        "@types/ms": "^0.7.34",
        "@types/node": "latest",
        "@types/source-map-support": "^0.5.10",
        "@types/which": "^3.0.4",
        "@typescript-eslint/rule-tester": "^8.24.1",
        "@typescript-eslint/type-utils": "^8.24.1",
        "@typescript-eslint/utils": "^8.24.1",
        "azure-devops-node-api": "^14.1.0",
        "c8": "^10.1.3",
        "chai": "^4.5.0",
        "chokidar": "^4.0.3",
        "diff": "^7.0.0",
        "dprint": "^0.49.0",
        "esbuild": "^0.25.0",
        "eslint": "^9.20.1",
        "eslint-formatter-autolinkable-stylish": "^1.4.0",
        "eslint-plugin-regexp": "^2.7.0",
        "fast-xml-parser": "^4.5.2",
        "glob": "^10.4.5",
        "globals": "^15.15.0",
        "hereby": "^1.10.0",
        "jsonc-parser": "^3.3.1",
        "knip": "^5.44.4",
        "minimist": "^1.2.8",
        "mocha": "^10.8.2",
        "mocha-fivemat-progress-reporter": "^0.1.0",
        "monocart-coverage-reports": "^2.12.1",
        "ms": "^2.1.3",
        "picocolors": "^1.1.1",
        "playwright": "^1.50.1",
        "source-map-support": "^0.5.21",
        "tslib": "^2.8.1",
        "typescript": "^5.7.3",
        "typescript-eslint": "^8.24.1",
        "which": "^3.0.1"
      },
      "engines": {
        "node": ">=14.17"
      }
    },
    "node_modules/@babel/core": {
      "resolved": "../../node_modules/.pnpm/@babel+core@7.29.0/node_modules/@babel/core",
      "link": true
    },
    "node_modules/@expo/cli": {
      "resolved": "../../node_modules/.pnpm/@expo+cli@0.10.17_expo-modules-autolinking@1.10.3/node_modules/@expo/cli",
      "link": true
    },
    "node_modules/@types/react": {
      "resolved": "../../node_modules/.pnpm/@types+react@18.3.28/node_modules/@types/react",
      "link": true
    },
    "node_modules/@types/react-native": {
      "resolved": "../../node_modules/.pnpm/@types+react-native@0.72.8__03b9d22a49515d2ddbfe06e5c07c4adf/node_modules/@types/react-native",
      "link": true
    },
    "node_modules/babel-preset-expo": {
      "resolved": "../../node_modules/.pnpm/babel-preset-expo@9.5.2_@babel+core@7.29.0/node_modules/babel-preset-expo",
      "link": true
    },
    "node_modules/expo": {
      "resolved": "../../node_modules/.pnpm/expo@49.0.23_@babel+core@7.29.0/node_modules/expo",
      "link": true
    },
    "node_modules/expo-dev-client": {
      "resolved": "../../node_modules/.pnpm/expo-dev-client@2.4.13_expo@49.0.23_@babel+core@7.29.0_/node_modules/expo-dev-client",
      "link": true
    },
    "node_modules/geolib": {
      "resolved": "../../node_modules/.pnpm/geolib@3.3.4/node_modules/geolib",
      "link": true
    },
    "node_modules/react": {
      "resolved": "../../node_modules/.pnpm/react@18.2.0/node_modules/react",
      "link": true
    },
    "node_modules/react-native": {
      "resolved": "../../node_modules/.pnpm/react-native@0.72.6_@babel+_7db03a961d57dc68afc0741c45a69d8d/node_modules/react-native",
      "link": true
    },
    "node_modules/react-native-background-geolocation": {
      "resolved": "../../node_modules/.pnpm/react-native-background-geolocation@4.19.4/node_modules/react-native-background-geolocation",
      "link": true
    },
    "node_modules/react-native-ble-plx": {
      "resolved": "../../node_modules/.pnpm/react-native-ble-plx@3.5.1__f6ab2d95c29e4eccb6cb1bc4436dba67/node_modules/react-native-ble-plx",
      "link": true
    },
    "node_modules/react-native-maps": {
      "resolved": "../../node_modules/.pnpm/react-native-maps@1.27.2_re_5b0e0157058c319fdef6c2556b11559d/node_modules/react-native-maps",
      "link": true
    },
    "node_modules/react-native-reanimated": {
      "resolved": "../../node_modules/.pnpm/react-native-reanimated@4.2_8c36c7c86d02fc5e20d58900b5c10a81/node_modules/react-native-reanimated",
      "link": true
    },
    "node_modules/react-native-sensors": {
      "resolved": "../../node_modules/.pnpm/react-native-sensors@7.3.6__e0960692332ee5cf1d06047450e89bc7/node_modules/react-native-sensors",
      "link": true
    },
    "node_modules/react-native-volume-manager": {
      "resolved": "../../node_modules/.pnpm/react-native-volume-manager_37c23f5aea26f5c6012351e1546e275e/node_modules/react-native-volume-manager",
      "link": true
    },
    "node_modules/typescript": {
      "resolved": "../../node_modules/.pnpm/typescript@5.9.3/node_modules/typescript",
      "link": true
    }
  }
}
